Microsoft Visual Studio Solution File, Format Version 12.00
# Visual Studio Version 17
VisualStudioVersion = 17.5.2.0
MinimumVisualStudioVersion = 10.0.40219.1
Project("{FAE04EC0-301F-11D3-BF4B-00C04F79EFBC}") = "HTC.Backend", "HTC.Backend\HTC.Backend.csproj", "{7C895DA0-2D06-9375-E965-F51848B63B5E}"
EndProject
Global
	GlobalSection(SolutionConfigurationPlatforms) = preSolution
		Debug|Any CPU = Debug|Any CPU
		Release|Any CPU = Release|Any CPU
	EndGlobalSection
	GlobalSection(ProjectConfigurationPlatforms) = postSolution
		{7C895DA0-2D06-9375-E965-F51848B63B5E}.Debug|Any CPU.ActiveCfg = Debug|Any CPU
		{7C895DA0-2D06-9375-E965-F51848B63B5E}.Debug|Any CPU.Build.0 = Debug|Any CPU
		{7C895DA0-2D06-9375-E965-F51848B63B5E}.Release|Any CPU.ActiveCfg = Release|Any CPU
		{7C895DA0-2D06-9375-E965-F51848B63B5E}.Release|Any CPU.Build.0 = Release|Any CPU
	EndGlobalSection
	GlobalSection(SolutionProperties) = preSolution
		HideSolutionNode = FALSE
	EndGlobalSection
	GlobalSection(ExtensibilityGlobals) = postSolution
		SolutionGuid = {5A664B28-64FC-49D5-BECC-E14E6F7FAC4E}
	EndGlobalSection
EndGlobal
